PODS:
  - ReactiveCocoa (4.0.4-alpha-1):
    - ReactiveCocoa/UI (= 4.0.4-alpha-1)
    - Result (~> 0.6-beta.1)
  - ReactiveCocoa/Core (4.0.4-alpha-1):
    - ReactiveCocoa/no-arc
    - Result (~> 0.6-beta.1)
  - ReactiveCocoa/no-arc (4.0.4-alpha-1):
    - Result (~> 0.6-beta.1)
  - ReactiveCocoa/UI (4.0.4-alpha-1):
    - ReactiveCocoa/Core
    - Result (~> 0.6-beta.1)
  - Result (0.6.0-beta.6)

DEPENDENCIES:
  - ReactiveCocoa (from `../ReactiveCocoa/ReactiveCocoa.podspec.json`)

EXTERNAL SOURCES:
  ReactiveCocoa:
    :path: ../ReactiveCocoa/ReactiveCocoa.podspec.json

SPEC CHECKSUMS:
  ReactiveCocoa: 1900c7d89027cbaef4882c48e75187c76201d29e
  Result: dc390d0b58f9ec43fcd536f1ebdd130803cc6cbc

COCOAPODS: 0.39.0
