PODS:
  - ReactiveCocoa (4.0.4-alpha-1):
    - ReactiveCocoa/UI (= 4.0.4-alpha-1)
    - Result (~> 0.6-beta.1)
  - ReactiveCocoa/Core (4.0.4-alpha-1):
    - ReactiveCocoa/no-arc
    - Result (~> 0.6-beta.1)
  - ReactiveCocoa/no-arc (4.0.4-alpha-1):
    - Result (~> 0.6-beta.1)
  - ReactiveCocoa/UI (4.0.4-alpha-1):
    - ReactiveCocoa/Core
    - Result (~> 0.6-beta.1)
  - Result (0.6.0-beta.6)
  - SwiftAssociatedObjects (1.0.0)

DEPENDENCIES:
  - ReactiveCocoa (from `../ReactiveCocoa/ReactiveCocoa.podspec.json`)
  - SwiftAssociatedObjects (from `https://github.com/ndouglas/SwiftAssociatedObjects`)

EXTERNAL SOURCES:
  ReactiveCocoa:
    :path: ../ReactiveCocoa/ReactiveCocoa.podspec.json
  SwiftAssociatedObjects:
    :git: https://github.com/ndouglas/SwiftAssociatedObjects

CHECKOUT OPTIONS:
  SwiftAssociatedObjects:
    :commit: 60d9a36e934046d05215b45f6877d9374d7e07e1
    :git: https://github.com/ndouglas/SwiftAssociatedObjects

SPEC CHECKSUMS:
  ReactiveCocoa: 1900c7d89027cbaef4882c48e75187c76201d29e
  Result: dc390d0b58f9ec43fcd536f1ebdd130803cc6cbc
  SwiftAssociatedObjects: 52c5bf0f86b568c3632dbbfd26c6542406a46429

COCOAPODS: 0.39.0
